// !$*UTF8*$!
{
	archiveVersion = 1;
	classes = {
	};
	objectVersion = 50;
	objects = {

/* Begin PBXBuildFile section */
		1876A5EA2630A1730047C691 /* AppDelegate.swift in Sources */ = {isa = PBXBuildFile; fileRef = 1876A5E92630A1730047C691 /* AppDelegate.swift */; };
		1876A5EC2630A1730047C691 /* SceneDelegate.swift in Sources */ = {isa = PBXBuildFile; fileRef = 1876A5EB2630A1730047C691 /* SceneDelegate.swift */; };
		1876A5EE2630A1730047C691 /* ViewController.swift in Sources */ = {isa = PBXBuildFile; fileRef = 1876A5ED2630A1730047C691 /* ViewController.swift */; };
		1876A5F12630A1730047C691 /* Main.storyboard in Resources */ = {isa = PBXBuildFile; fileRef = 1876A5EF2630A1730047C691 /* Main.storyboard */; };
		1876A5F32630A1790047C691 /* Assets.xcassets in Resources */ = {isa = PBXBuildFile; fileRef = 1876A5F22630A1790047C691 /* Assets.xcassets */; };
		1876A5F62630A1790047C691 /* LaunchScreen.storyboard in Resources */ = {isa = PBXBuildFile; fileRef = 1876A5F42630A1790047C691 /* LaunchScreen.storyboard */; };
		187857B02631867E00800FB8 /* NetworkBase.swift in Sources */ = {isa = PBXBuildFile; fileRef = 187857AF2631867E00800FB8 /* NetworkBase.swift */; };
		187857B22631877300800FB8 /* NetworkApi.swift in Sources */ = {isa = PBXBuildFile; fileRef = 187857B12631877300800FB8 /* NetworkApi.swift */; };
		18BBA2A126343ADD000994DB /* ServiceManager.swift in Sources */ = {isa = PBXBuildFile; fileRef = 18BBA2A026343ADD000994DB /* ServiceManager.swift */; };
		54A40C475CD2A6A15DA48E0A /* Pods_CocktailApp.framework in Frameworks */ = {isa = PBXBuildFile; fileRef = 3EF8638E5B5E208F96883CE7 /* Pods_CocktailApp.framework */; };
/* End PBXBuildFile section */

/* Begin PBXFileReference section */
		1876A5E62630A1730047C691 /* CocktailApp.app */ = {isa = PBXFileReference; explicitFileType = wrapper.application; includeInIndex = 0; path = CocktailApp.app; sourceTree = BUILT_PRODUCTS_DIR; };
		1876A5E92630A1730047C691 /* AppDelegate.swift */ = {isa = PBXFileReference; lastKnownFileType = sourcecode.swift; path = AppDelegate.swift; sourceTree = "<group>"; };
		1876A5EB2630A1730047C691 /* SceneDelegate.swift */ = {isa = PBXFileReference; lastKnownFileType = sourcecode.swift; path = SceneDelegate.swift; sourceTree = "<group>"; };
		1876A5ED2630A1730047C691 /* ViewController.swift */ = {isa = PBXFileReference; lastKnownFileType = sourcecode.swift; path = ViewController.swift; sourceTree = "<group>"; };
		1876A5F02630A1730047C691 /* Base */ = {isa = PBXFileReference; lastKnownFileType = file.storyboard; name = Base; path = Base.lproj/Main.storyboard; sourceTree = "<group>"; };
		1876A5F22630A1790047C691 /* Assets.xcassets */ = {isa = PBXFileReference; lastKnownFileType = folder.assetcatalog; path = Assets.xcassets; sourceTree = "<group>"; };
		1876A5F52630A1790047C691 /* Base */ = {isa = PBXFileReference; lastKnownFileType = file.storyboard; name = Base; path = Base.lproj/LaunchScreen.storyboard; sourceTree = "<group>"; };
		1876A5F72630A1790047C691 /* Info.plist */ = {isa = PBXFileReference; lastKnownFileType = text.plist.xml; path = Info.plist; sourceTree = "<group>"; };
		187857AF2631867E00800FB8 /* NetworkBase.swift */ = {isa = PBXFileReference; lastKnownFileType = sourcecode.swift; path = NetworkBase.swift; sourceTree = "<group>"; };
		187857B12631877300800FB8 /* NetworkApi.swift */ = {isa = PBXFileReference; lastKnownFileType = sourcecode.swift; path = NetworkApi.swift; sourceTree = "<group>"; };
		18BBA2A026343ADD000994DB /* ServiceManager.swift */ = {isa = PBXFileReference; lastKnownFileType = sourcecode.swift; path = ServiceManager.swift; sourceTree = "<group>"; };
		3EF8638E5B5E208F96883CE7 /* Pods_CocktailApp.framework */ = {isa = PBXFileReference; explicitFileType = wrapper.framework; includeInIndex = 0; path = Pods_CocktailApp.framework; sourceTree = BUILT_PRODUCTS_DIR; };
		5B8D20C7E1464048FEA382BE /* Pods-CocktailApp.debug.xcconfig */ = {isa = PBXFileReference; includeInIndex = 1; lastKnownFileType = text.xcconfig; name = "Pods-CocktailApp.debug.xcconfig"; path = "Target Support Files/Pods-CocktailApp/Pods-CocktailApp.debug.xcconfig"; sourceTree = "<group>"; };
		F51110C9DAF99A2A8BC829B8 /* Pods-CocktailApp.release.xcconfig */ = {isa = PBXFileReference; includeInIndex = 1; lastKnownFileType = text.xcconfig; name = "Pods-CocktailApp.release.xcconfig"; path = "Target Support Files/Pods-CocktailApp/Pods-CocktailApp.release.xcconfig"; sourceTree = "<group>"; };
/* End PBXFileReference section */

/* Begin PBXFrameworksBuildPhase section */
		1876A5E32630A1730047C691 /* Frameworks */ = {
			isa = PBXFrameworksBuildPhase;
			buildActionMask = 2147483647;
			files = (
				54A40C475CD2A6A15DA48E0A /* Pods_CocktailApp.framework in Frameworks */,
			);
			runOnlyForDeploymentPostprocessing = 0;
		};
/* End PBXFrameworksBuildPhase section */

/* Begin PBXGroup section */
		18522BE92630A90A00C463DB /* Networking */ = {
			isa = PBXGroup;
			children = (
				187857AF2631867E00800FB8 /* NetworkBase.swift */,
				187857B12631877300800FB8 /* NetworkApi.swift */,
				18BBA2A026343ADD000994DB /* ServiceManager.swift */,
			);
			path = Networking;
			sourceTree = "<group>";
		};
		18522BEA2630A92F00C463DB /* Model */ = {
			isa = PBXGroup;
			children = (
			);
			path = Model;
			sourceTree = "<group>";
		};
		18522BEB2630A95A00C463DB /* View */ = {
			isa = PBXGroup;
			children = (
				1876A5F42630A1790047C691 /* LaunchScreen.storyboard */,
				1876A5EF2630A1730047C691 /* Main.storyboard */,
			);
			path = View;
			sourceTree = "<group>";
		};
		18522BEC2630A9A200C463DB /* Controller */ = {
			isa = PBXGroup;
			children = (
				1876A5ED2630A1730047C691 /* ViewController.swift */,
			);
			path = Controller;
			sourceTree = "<group>";
		};
		1876A5DD2630A1730047C691 = {
			isa = PBXGroup;
			children = (
				1876A5E82630A1730047C691 /* CocktailApp */,
				1876A5E72630A1730047C691 /* Products */,
				82F93BBBE81906D3BF8359F7 /* Pods */,
				DB2F3D388F61152D1E90FD0A /* Frameworks */,
			);
			sourceTree = "<group>";
		};
		1876A5E72630A1730047C691 /* Products */ = {
			isa = PBXGroup;
			children = (
				1876A5E62630A1730047C691 /* CocktailApp.app */,
			);
			name = Products;
			sourceTree = "<group>";
		};
		1876A5E82630A1730047C691 /* CocktailApp */ = {
			isa = PBXGroup;
			children = (
				18522BE92630A90A00C463DB /* Networking */,
				18522BEA2630A92F00C463DB /* Model */,
				18522BEB2630A95A00C463DB /* View */,
				18BBA29B26343868000994DB /* ViewModel */,
				18522BEC2630A9A200C463DB /* Controller */,
				18BBA29C263438E5000994DB /* Utils */,
				1876A5E92630A1730047C691 /* AppDelegate.swift */,
				1876A5EB2630A1730047C691 /* SceneDelegate.swift */,
				1876A5F22630A1790047C691 /* Assets.xcassets */,
				1876A5F72630A1790047C691 /* Info.plist */,
			);
			path = CocktailApp;
			sourceTree = "<group>";
		};
		18BBA29B26343868000994DB /* ViewModel */ = {
			isa = PBXGroup;
			children = (
			);
			path = ViewModel;
			sourceTree = "<group>";
		};
		18BBA29C263438E5000994DB /* Utils */ = {
			isa = PBXGroup;
			children = (
				18BBA29F2634391F000994DB /* Colors */,
				18BBA29E26343916000994DB /* Fonts */,
				18BBA29D26343900000994DB /* Extensions */,
			);
			path = Utils;
			sourceTree = "<group>";
		};
		18BBA29D26343900000994DB /* Extensions */ = {
			isa = PBXGroup;
			children = (
			);
			path = Extensions;
			sourceTree = "<group>";
		};
		18BBA29E26343916000994DB /* Fonts */ = {
			isa = PBXGroup;
			children = (
			);
			path = Fonts;
			sourceTree = "<group>";
		};
		18BBA29F2634391F000994DB /* Colors */ = {
			isa = PBXGroup;
			children = (
			);
			path = Colors;
			sourceTree = "<group>";
		};
		82F93BBBE81906D3BF8359F7 /* Pods */ = {
			isa = PBXGroup;
			children = (
				5B8D20C7E1464048FEA382BE /* Pods-CocktailApp.debug.xcconfig */,
				F51110C9DAF99A2A8BC829B8 /* Pods-CocktailApp.release.xcconfig */,
			);
			name = Pods;
			path = Pods;
			sourceTree = "<group>";
		};
		DB2F3D388F61152D1E90FD0A /* Frameworks */ = {
			isa = PBXGroup;
			children = (
				3EF8638E5B5E208F96883CE7 /* Pods_CocktailApp.framework */,
			);
			name = Frameworks;
			sourceTree = "<group>";
		};
/* End PBXGroup section */

/* Begin PBXNativeTarget section */
		1876A5E52630A1730047C691 /* CocktailApp */ = {
			isa = PBXNativeTarget;
			buildConfigurationList = 1876A5FA2630A1790047C691 /* Build configuration list for PBXNativeTarget "CocktailApp" */;
			buildPhases = (
				1154CD54F62A8E7D361EDBDF /* [CP] Check Pods Manifest.lock */,
				1876A5E22630A1730047C691 /* Sources */,
				1876A5E32630A1730047C691 /* Frameworks */,
				1876A5E42630A1730047C691 /* Resources */,
			);
			buildRules = (
			);
			dependencies = (
			);
			name = CocktailApp;
			productName = CocktailApp;
			productReference = 1876A5E62630A1730047C691 /* CocktailApp.app */;
			productType = "com.apple.product-type.application";
		};
/* End PBXNativeTarget section */

/* Begin PBXProject section */
		1876A5DE2630A1730047C691 /* Project object */ = {
			isa = PBXProject;
			attributes = {
				LastSwiftUpdateCheck = 1170;
				LastUpgradeCheck = 1170;
				ORGANIZATIONNAME = "Lucas Furlan";
				TargetAttributes = {
					1876A5E52630A1730047C691 = {
						CreatedOnToolsVersion = 11.7;
					};
				};
			};
			buildConfigurationList = 1876A5E12630A1730047C691 /* Build configuration list for PBXProject "CocktailApp" */;
			compatibilityVersion = "Xcode 9.3";
			developmentRegion = en;
			hasScannedForEncodings = 0;
			knownRegions = (
				en,
				Base,
			);
			mainGroup = 1876A5DD2630A1730047C691;
			productRefGroup = 1876A5E72630A1730047C691 /* Products */;
			projectDirPath = "";
			projectRoot = "";
			targets = (
				1876A5E52630A1730047C691 /* CocktailApp */,
			);
		};
/* End PBXProject section */

/* Begin PBXResourcesBuildPhase section */
		1876A5E42630A1730047C691 /* Resources */ = {
			isa = PBXResourcesBuildPhase;
			buildActionMask = 2147483647;
			files = (
				1876A5F62630A1790047C691 /* LaunchScreen.storyboard in Resources */,
				1876A5F32630A1790047C691 /* Assets.xcassets in Resources */,
				1876A5F12630A1730047C691 /* Main.storyboard in Resources */,
			);
			runOnlyForDeploymentPostprocessing = 0;
		};
/* End PBXResourcesBuildPhase section */

/* Begin PBXShellScriptBuildPhase section */
		1154CD54F62A8E7D361EDBDF /* [CP] Check Pods Manifest.lock */ = {
			isa = PBXShellScriptBuildPhase;
			buildActionMask = 2147483647;
			files = (
			);
			inputFileListPaths = (
			);
			inputPaths = (
				"${PODS_PODFILE_DIR_PATH}/Podfile.lock",
				"${PODS_ROOT}/Manifest.lock",
			);
			name = "[CP] Check Pods Manifest.lock";
			outputFileListPaths = (
			);
			outputPaths = (
				"$(DERIVED_FILE_DIR)/Pods-CocktailApp-checkManifestLockResult.txt",
			);
			runOnlyForDeploymentPostprocessing = 0;
			shellPath = /bin/sh;
			shellScript = "diff \"${PODS_PODFILE_DIR_PATH}/Podfile.lock\" \"${PODS_ROOT}/Manifest.lock\" > /dev/null\nif [ $? != 0 ] ; then\n    # print error to STDERR\n    echo \"error: The sandbox is not in sync with the Podfile.lock. Run 'pod install' or update your CocoaPods installation.\" >&2\n    exit 1\nfi\n# This output is used by Xcode 'outputs' to avoid re-running this script phase.\necho \"SUCCESS\" > \"${SCRIPT_OUTPUT_FILE_0}\"\n";
			showEnvVarsInLog = 0;
		};
/* End PBXShellScriptBuildPhase section */

/* Begin PBXSourcesBuildPhase section */
		1876A5E22630A1730047C691 /* Sources */ = {
			isa = PBXSourcesBuildPhase;
			buildActionMask = 2147483647;
			files = (
				187857B22631877300800FB8 /* NetworkApi.swift in Sources */,
				1876A5EE2630A1730047C691 /* ViewController.swift in Sources */,
				187857B02631867E00800FB8 /* NetworkBase.swift in Sources */,
				1876A5EA2630A1730047C691 /* AppDelegate.swift in Sources */,
				1876A5EC2630A1730047C691 /* SceneDelegate.swift in Sources */,
				18BBA2A126343ADD000994DB /* ServiceManager.swift in Sources */,
			);
			runOnlyForDeploymentPostprocessing = 0;
		};
/* End PBXSourcesBuildPhase section */

/* Begin PBXVariantGroup section */
		1876A5EF2630A1730047C691 /* Main.storyboard */ = {
			isa = PBXVariantGroup;
			children = (
				1876A5F02630A1730047C691 /* Base */,
			);
			name = Main.storyboard;
			sourceTree = "<group>";
		};
		1876A5F42630A1790047C691 /* LaunchScreen.storyboard */ = {
			isa = PBXVariantGroup;
			children = (
				1876A5F52630A1790047C691 /* Base */,
			);
			name = LaunchScreen.storyboard;
			sourceTree = "<group>";
		};
/* End PBXVariantGroup section */

/* Begin XCBuildConfiguration section */
		1876A5F82630A1790047C691 /* Debug */ = {
			isa = XCBuildConfiguration;
			buildSettings = {
				ALWAYS_SEARCH_USER_PATHS = NO;
				CLANG_ANALYZER_NONNULL = YES;
				CLANG_ANALYZER_NUMBER_OBJECT_CONVERSION = YES_AGGRESSIVE;
				CLANG_CXX_LANGUAGE_STANDARD = "gnu++14";
				CLANG_CXX_LIBRARY = "libc++";
				CLANG_ENABLE_MODULES = YES;
				CLANG_ENABLE_OBJC_ARC = YES;
				CLANG_ENABLE_OBJC_WEAK = YES;
				CLANG_WARN_BLOCK_CAPTURE_AUTORELEASING = YES;
				CLANG_WARN_BOOL_CONVERSION = YES;
				CLANG_WARN_COMMA = YES;
				CLANG_WARN_CONSTANT_CONVERSION = YES;
				CLANG_WARN_DEPRECATED_OBJC_IMPLEMENTATIONS = YES;
				CLANG_WARN_DIRECT_OBJC_ISA_USAGE = YES_ERROR;
				CLANG_WARN_DOCUMENTATION_COMMENTS = YES;
				CLANG_WARN_EMPTY_BODY = YES;
				CLANG_WARN_ENUM_CONVERSION = YES;
				CLANG_WARN_INFINITE_RECURSION = YES;
				CLANG_WARN_INT_CONVERSION = YES;
				CLANG_WARN_NON_LITERAL_NULL_CONVERSION = YES;
				CLANG_WARN_OBJC_IMPLICIT_RETAIN_SELF = YES;
				CLANG_WARN_OBJC_LITERAL_CONVERSION = YES;
				CLANG_WARN_OBJC_ROOT_CLASS = YES_ERROR;
				CLANG_WARN_RANGE_LOOP_ANALYSIS = YES;
				CLANG_WARN_STRICT_PROTOTYPES = YES;
				CLANG_WARN_SUSPICIOUS_MOVE = YES;
				CLANG_WARN_UNGUARDED_AVAILABILITY = YES_AGGRESSIVE;
				CLANG_WARN_UNREACHABLE_CODE = YES;
				CLANG_WARN__DUPLICATE_METHOD_MATCH = YES;
				COPY_PHASE_STRIP = NO;
				DEBUG_INFORMATION_FORMAT = dwarf;
				ENABLE_STRICT_OBJC_MSGSEND = YES;
				ENABLE_TESTABILITY = YES;
				GCC_C_LANGUAGE_STANDARD = gnu11;
				GCC_DYNAMIC_NO_PIC = NO;
				GCC_NO_COMMON_BLOCKS = YES;
				GCC_OPTIMIZATION_LEVEL = 0;
				GCC_PREPROCESSOR_DEFINITIONS = (
					"DEBUG=1",
					"$(inherited)",
				);
				GCC_WARN_64_TO_32_BIT_CONVERSION = YES;
				GCC_WARN_ABOUT_RETURN_TYPE = YES_ERROR;
				GCC_WARN_UNDECLARED_SELECTOR = YES;
				GCC_WARN_UNINITIALIZED_AUTOS = YES_AGGRESSIVE;
				GCC_WARN_UNUSED_FUNCTION = YES;
				GCC_WARN_UNUSED_VARIABLE = YES;
				IPHONEOS_DEPLOYMENT_TARGET = 13.7;
				MTL_ENABLE_DEBUG_INFO = INCLUDE_SOURCE;
				MTL_FAST_MATH = YES;
				ONLY_ACTIVE_ARCH = YES;
				SDKROOT = iphoneos;
				SWIFT_ACTIVE_COMPILATION_CONDITIONS = DEBUG;
				SWIFT_OPTIMIZATION_LEVEL = "-Onone";
			};
			name = Debug;
		};
		1876A5F92630A1790047C691 /* Release */ = {
			isa = XCBuildConfiguration;
			buildSettings = {
				ALWAYS_SEARCH_USER_PATHS = NO;
				CLANG_ANALYZER_NONNULL = YES;
				CLANG_ANALYZER_NUMBER_OBJECT_CONVERSION = YES_AGGRESSIVE;
				CLANG_CXX_LANGUAGE_STANDARD = "gnu++14";
				CLANG_CXX_LIBRARY = "libc++";
				CLANG_ENABLE_MODULES = YES;
				CLANG_ENABLE_OBJC_ARC = YES;
				CLANG_ENABLE_OBJC_WEAK = YES;
				CLANG_WARN_BLOCK_CAPTURE_AUTORELEASING = YES;
				CLANG_WARN_BOOL_CONVERSION = YES;
				CLANG_WARN_COMMA = YES;
				CLANG_WARN_CONSTANT_CONVERSION = YES;
				CLANG_WARN_DEPRECATED_OBJC_IMPLEMENTATIONS = YES;
				CLANG_WARN_DIRECT_OBJC_ISA_USAGE = YES_ERROR;
				CLANG_WARN_DOCUMENTATION_COMMENTS = YES;
				CLANG_WARN_EMPTY_BODY = YES;
				CLANG_WARN_ENUM_CONVERSION = YES;
				CLANG_WARN_INFINITE_RECURSION = YES;
				CLANG_WARN_INT_CONVERSION = YES;
				CLANG_WARN_NON_LITERAL_NULL_CONVERSION = YES;
				CLANG_WARN_OBJC_IMPLICIT_RETAIN_SELF = YES;
				CLANG_WARN_OBJC_LITERAL_CONVERSION = YES;
				CLANG_WARN_OBJC_ROOT_CLASS = YES_ERROR;
				CLANG_WARN_RANGE_LOOP_ANALYSIS = YES;
				CLANG_WARN_STRICT_PROTOTYPES = YES;
				CLANG_WARN_SUSPICIOUS_MOVE = YES;
				CLANG_WARN_UNGUARDED_AVAILABILITY = YES_AGGRESSIVE;
				CLANG_WARN_UNREACHABLE_CODE = YES;
				CLANG_WARN__DUPLICATE_METHOD_MATCH = YES;
				COPY_PHASE_STRIP = NO;
				DEBUG_INFORMATION_FORMAT = "dwarf-with-dsym";
				ENABLE_NS_ASSERTIONS = NO;
				ENABLE_STRICT_OBJC_MSGSEND = YES;
				GCC_C_LANGUAGE_STANDARD = gnu11;
				GCC_NO_COMMON_BLOCKS = YES;
				GCC_WARN_64_TO_32_BIT_CONVERSION = YES;
				GCC_WARN_ABOUT_RETURN_TYPE = YES_ERROR;
				GCC_WARN_UNDECLARED_SELECTOR = YES;
				GCC_WARN_UNINITIALIZED_AUTOS = YES_AGGRESSIVE;
				GCC_WARN_UNUSED_FUNCTION = YES;
				GCC_WARN_UNUSED_VARIABLE = YES;
				IPHONEOS_DEPLOYMENT_TARGET = 13.7;
				MTL_ENABLE_DEBUG_INFO = NO;
				MTL_FAST_MATH = YES;
				SDKROOT = iphoneos;
				SWIFT_COMPILATION_MODE = wholemodule;
				SWIFT_OPTIMIZATION_LEVEL = "-O";
				VALIDATE_PRODUCT = YES;
			};
			name = Release;
		};
		1876A5FB2630A1790047C691 /* Debug */ = {
			isa = XCBuildConfiguration;
			baseConfigurationReference = 5B8D20C7E1464048FEA382BE /* Pods-CocktailApp.debug.xcconfig */;
			buildSettings = {
				ASSETCATALOG_COMPILER_APPICON_NAME = AppIcon;
				CODE_SIGN_STYLE = Automatic;
				INFOPLIST_FILE = CocktailApp/Info.plist;
				LD_RUNPATH_SEARCH_PATHS = (
					"$(inherited)",
					"@executable_path/Frameworks",
				);
				PRODUCT_BUNDLE_IDENTIFIER = lucasFurlan.CocktailApp;
				PRODUCT_NAME = "$(TARGET_NAME)";
				SWIFT_VERSION = 5.0;
				TARGETED_DEVICE_FAMILY = "1,2";
			};
			name = Debug;
		};
		1876A5FC2630A1790047C691 /* Release */ = {
			isa = XCBuildConfiguration;
			baseConfigurationReference = F51110C9DAF99A2A8BC829B8 /* Pods-CocktailApp.release.xcconfig */;
			buildSettings = {
				ASSETCATALOG_COMPILER_APPICON_NAME = AppIcon;
				CODE_SIGN_STYLE = Automatic;
				INFOPLIST_FILE = CocktailApp/Info.plist;
				LD_RUNPATH_SEARCH_PATHS = (
					"$(inherited)",
					"@executable_path/Frameworks",
				);
				PRODUCT_BUNDLE_IDENTIFIER = lucasFurlan.CocktailApp;
				PRODUCT_NAME = "$(TARGET_NAME)";
				SWIFT_VERSION = 5.0;
				TARGETED_DEVICE_FAMILY = "1,2";
			};
			name = Release;
		};
/* End XCBuildConfiguration section */

/* Begin XCConfigurationList section */
		1876A5E12630A1730047C691 /* Build configuration list for PBXProject "CocktailApp" */ = {
			isa = XCConfigurationList;
			buildConfigurations = (
				1876A5F82630A1790047C691 /* Debug */,
				1876A5F92630A1790047C691 /* Release */,
			);
			defaultConfigurationIsVisible = 0;
			defaultConfigurationName = Release;
		};
		1876A5FA2630A1790047C691 /* Build configuration list for PBXNativeTarget "CocktailApp" */ = {
			isa = XCConfigurationList;
			buildConfigurations = (
				1876A5FB2630A1790047C691 /* Debug */,
				1876A5FC2630A1790047C691 /* Release */,
			);
			defaultConfigurationIsVisible = 0;
			defaultConfigurationName = Release;
		};
/* End XCConfigurationList section */
	};
	rootObject = 1876A5DE2630A1730047C691 /* Project object */;
}
